
Microsoft Visual Studio Solution File, Format Version 12.00
# Visual Studio Version 17
VisualStudioVersion = 17.3.32519.111
MinimumVisualStudioVersion = 10.0.40219.1
Project("{FAE04EC0-301F-11D3-BF4B-00C04F79EFBC}") = "PlugY Configurator Avalonia", "PlugY Configurator Avalonia.csproj", "{61B95533-1B66-4899-AA3C-57B5FAD5F64F}"
EndProject
Global
	GlobalSection(SolutionConfigurationPlatforms) = preSolution
		Debug|Any CPU = Debug|Any CPU
		Release|Any CPU = Release|Any CPU
	EndGlobalSection
	GlobalSection(ProjectConfigurationPlatforms) = postSolution
		{61B95533-1B66-4899-AA3C-57B5FAD5F64F}.Debug|Any CPU.ActiveCfg = Debug|Any CPU
		{61B95533-1B66-4899-AA3C-57B5FAD5F64F}.Debug|Any CPU.Build.0 = Debug|Any CPU
		{61B95533-1B66-4899-AA3C-57B5FAD5F64F}.Release|Any CPU.ActiveCfg = Release|Any CPU
		{61B95533-1B66-4899-AA3C-57B5FAD5F64F}.Release|Any CPU.Build.0 = Release|Any CPU
	EndGlobalSection
	GlobalSection(SolutionProperties) = preSolution
		HideSolutionNode = FALSE
	EndGlobalSection
	GlobalSection(ExtensibilityGlobals) = postSolution
		SolutionGuid = {3334AAFE-DFDB-43BC-9B04-FEBBF6DDBA9F}
	EndGlobalSection
EndGlobal
